
Microsoft Visual Studio Solution File, Format Version 12.00
# Visual Studio Version 17
VisualStudioVersion = 17.14.36109.1 d17.14
MinimumVisualStudioVersion = 10.0.40219.1
Project("{FAE04EC0-301F-11D3-BF4B-00C04F79EFBC}") = "Simple Text Editor", "Simple Text Editor\Simple Text Editor.csproj", "{C9CF74C3-5184-4990-A875-3A014458A3C1}"
EndProject
Global
	GlobalSection(SolutionConfigurationPlatforms) = preSolution
		Debug|Any CPU = Debug|Any CPU
		Release|Any CPU = Release|Any CPU
	EndGlobalSection
	GlobalSection(ProjectConfigurationPlatforms) = postSolution
		{C9CF74C3-5184-4990-A875-3A014458A3C1}.Debug|Any CPU.ActiveCfg = Debug|Any CPU
		{C9CF74C3-5184-4990-A875-3A014458A3C1}.Debug|Any CPU.Build.0 = Debug|Any CPU
		{C9CF74C3-5184-4990-A875-3A014458A3C1}.Release|Any CPU.ActiveCfg = Release|Any CPU
		{C9CF74C3-5184-4990-A875-3A014458A3C1}.Release|Any CPU.Build.0 = Release|Any CPU
	EndGlobalSection
	GlobalSection(SolutionProperties) = preSolution
		HideSolutionNode = FALSE
	EndGlobalSection
	GlobalSection(ExtensibilityGlobals) = postSolution
		SolutionGuid = {84135B2B-6695-4BFC-A52A-70378259B50D}
	EndGlobalSection
EndGlobal
