
Microsoft Visual Studio Solution File, Format Version 12.00
# Visual Studio Version 17
VisualStudioVersion = 17.14.36109.1 d17.14
MinimumVisualStudioVersion = 10.0.40219.1
Project("{FAE04EC0-301F-11D3-BF4B-00C04F79EFBC}") = "Merge two sorted linked list", "Merge two sorted linked list\Merge two sorted linked list.csproj", "{B238A2F1-F1E2-4E92-9F66-071CF351A21E}"
EndProject
Global
	GlobalSection(SolutionConfigurationPlatforms) = preSolution
		Debug|Any CPU = Debug|Any CPU
		Release|Any CPU = Release|Any CPU
	EndGlobalSection
	GlobalSection(ProjectConfigurationPlatforms) = postSolution
		{B238A2F1-F1E2-4E92-9F66-071CF351A21E}.Debug|Any CPU.ActiveCfg = Debug|Any CPU
		{B238A2F1-F1E2-4E92-9F66-071CF351A21E}.Debug|Any CPU.Build.0 = Debug|Any CPU
		{B238A2F1-F1E2-4E92-9F66-071CF351A21E}.Release|Any CPU.ActiveCfg = Release|Any CPU
		{B238A2F1-F1E2-4E92-9F66-071CF351A21E}.Release|Any CPU.Build.0 = Release|Any CPU
	EndGlobalSection
	GlobalSection(SolutionProperties) = preSolution
		HideSolutionNode = FALSE
	EndGlobalSection
	GlobalSection(ExtensibilityGlobals) = postSolution
		SolutionGuid = {5E608BB3-5902-4B27-9E2F-3F8C74C0545B}
	EndGlobalSection
EndGlobal
