
Microsoft Visual Studio Solution File, Format Version 12.00
# Visual Studio Version 17
VisualStudioVersion = 17.14.36109.1 d17.14
MinimumVisualStudioVersion = 10.0.40219.1
Project("{FAE04EC0-301F-11D3-BF4B-00C04F79EFBC}") = "Permuting Two Arrays", "Permuting Two Arrays\Permuting Two Arrays.csproj", "{AD991AB1-E468-4381-AD6D-A9CF7D9B7F0F}"
EndProject
Global
	GlobalSection(SolutionConfigurationPlatforms) = preSolution
		Debug|Any CPU = Debug|Any CPU
		Release|Any CPU = Release|Any CPU
	EndGlobalSection
	GlobalSection(ProjectConfigurationPlatforms) = postSolution
		{AD991AB1-E468-4381-AD6D-A9CF7D9B7F0F}.Debug|Any CPU.ActiveCfg = Debug|Any CPU
		{AD991AB1-E468-4381-AD6D-A9CF7D9B7F0F}.Debug|Any CPU.Build.0 = Debug|Any CPU
		{AD991AB1-E468-4381-AD6D-A9CF7D9B7F0F}.Release|Any CPU.ActiveCfg = Release|Any CPU
		{AD991AB1-E468-4381-AD6D-A9CF7D9B7F0F}.Release|Any CPU.Build.0 = Release|Any CPU
	EndGlobalSection
	GlobalSection(SolutionProperties) = preSolution
		HideSolutionNode = FALSE
	EndGlobalSection
	GlobalSection(ExtensibilityGlobals) = postSolution
		SolutionGuid = {FC5BA980-D128-443C-B7E9-C85B62640948}
	EndGlobalSection
EndGlobal
