
Microsoft Visual Studio Solution File, Format Version 12.00
# Visual Studio Version 17
VisualStudioVersion = 17.14.36109.1 d17.14
MinimumVisualStudioVersion = 10.0.40219.1
Project("{FAE04EC0-301F-11D3-BF4B-00C04F79EFBC}") = "CycleDetection", "CycleDetection\CycleDetection.csproj", "{C574DD7D-C599-4481-B015-C6478510F22A}"
EndProject
Global
	GlobalSection(SolutionConfigurationPlatforms) = preSolution
		Debug|Any CPU = Debug|Any CPU
		Release|Any CPU = Release|Any CPU
	EndGlobalSection
	GlobalSection(ProjectConfigurationPlatforms) = postSolution
		{C574DD7D-C599-4481-B015-C6478510F22A}.Debug|Any CPU.ActiveCfg = Debug|Any CPU
		{C574DD7D-C599-4481-B015-C6478510F22A}.Debug|Any CPU.Build.0 = Debug|Any CPU
		{C574DD7D-C599-4481-B015-C6478510F22A}.Release|Any CPU.ActiveCfg = Release|Any CPU
		{C574DD7D-C599-4481-B015-C6478510F22A}.Release|Any CPU.Build.0 = Release|Any CPU
	EndGlobalSection
	GlobalSection(SolutionProperties) = preSolution
		HideSolutionNode = FALSE
	EndGlobalSection
	GlobalSection(ExtensibilityGlobals) = postSolution
		SolutionGuid = {5E5C712D-A48D-4840-9D62-538F0C6C7975}
	EndGlobalSection
EndGlobal
