
Microsoft Visual Studio Solution File, Format Version 12.00
# Visual Studio Version 17
VisualStudioVersion = 17.14.36109.1 d17.14
MinimumVisualStudioVersion = 10.0.40219.1
Project("{FAE04EC0-301F-11D3-BF4B-00C04F79EFBC}") = "The Coin Change Problem", "The Coin Change Problem\The Coin Change Problem.csproj", "{96BDFC15-8256-46B8-BC73-3D41758A6589}"
EndProject
Global
	GlobalSection(SolutionConfigurationPlatforms) = preSolution
		Debug|Any CPU = Debug|Any CPU
		Release|Any CPU = Release|Any CPU
	EndGlobalSection
	GlobalSection(ProjectConfigurationPlatforms) = postSolution
		{96BDFC15-8256-46B8-BC73-3D41758A6589}.Debug|Any CPU.ActiveCfg = Debug|Any CPU
		{96BDFC15-8256-46B8-BC73-3D41758A6589}.Debug|Any CPU.Build.0 = Debug|Any CPU
		{96BDFC15-8256-46B8-BC73-3D41758A6589}.Release|Any CPU.ActiveCfg = Release|Any CPU
		{96BDFC15-8256-46B8-BC73-3D41758A6589}.Release|Any CPU.Build.0 = Release|Any CPU
	EndGlobalSection
	GlobalSection(SolutionProperties) = preSolution
		HideSolutionNode = FALSE
	EndGlobalSection
	GlobalSection(ExtensibilityGlobals) = postSolution
		SolutionGuid = {623D0511-CCA6-4D81-9178-23B1F572F3E6}
	EndGlobalSection
EndGlobal
