
Microsoft Visual Studio Solution File, Format Version 12.00
# Visual Studio Version 17
VisualStudioVersion = 17.14.36109.1 d17.14
MinimumVisualStudioVersion = 10.0.40219.1
Project("{FAE04EC0-301F-11D3-BF4B-00C04F79EFBC}") = "Inserting a Node Into a Sorted Doubly Linked List", "Inserting a Node Into a Sorted Doubly Linked List\Inserting a Node Into a Sorted Doubly Linked List.csproj", "{652185F9-EC5D-44BD-8FDD-6252E27F4935}"
EndProject
Global
	GlobalSection(SolutionConfigurationPlatforms) = preSolution
		Debug|Any CPU = Debug|Any CPU
		Release|Any CPU = Release|Any CPU
	EndGlobalSection
	GlobalSection(ProjectConfigurationPlatforms) = postSolution
		{652185F9-EC5D-44BD-8FDD-6252E27F4935}.Debug|Any CPU.ActiveCfg = Debug|Any CPU
		{652185F9-EC5D-44BD-8FDD-6252E27F4935}.Debug|Any CPU.Build.0 = Debug|Any CPU
		{652185F9-EC5D-44BD-8FDD-6252E27F4935}.Release|Any CPU.ActiveCfg = Release|Any CPU
		{652185F9-EC5D-44BD-8FDD-6252E27F4935}.Release|Any CPU.Build.0 = Release|Any CPU
	EndGlobalSection
	GlobalSection(SolutionProperties) = preSolution
		HideSolutionNode = FALSE
	EndGlobalSection
	GlobalSection(ExtensibilityGlobals) = postSolution
		SolutionGuid = {D798F642-206D-4486-880C-D6843E6F2724}
	EndGlobalSection
EndGlobal
