
Microsoft Visual Studio Solution File, Format Version 12.00
# Visual Studio Version 17
VisualStudioVersion = 17.14.36109.1 d17.14
MinimumVisualStudioVersion = 10.0.40219.1
Project("{FAE04EC0-301F-11D3-BF4B-00C04F79EFBC}") = "Fibonacchi Modified", "Fibonacchi Modified\Fibonacchi Modified.csproj", "{39B670B1-18E9-4D5B-9AE6-7637FD86BDBF}"
EndProject
Global
	GlobalSection(SolutionConfigurationPlatforms) = preSolution
		Debug|Any CPU = Debug|Any CPU
		Release|Any CPU = Release|Any CPU
	EndGlobalSection
	GlobalSection(ProjectConfigurationPlatforms) = postSolution
		{39B670B1-18E9-4D5B-9AE6-7637FD86BDBF}.Debug|Any CPU.ActiveCfg = Debug|Any CPU
		{39B670B1-18E9-4D5B-9AE6-7637FD86BDBF}.Debug|Any CPU.Build.0 = Debug|Any CPU
		{39B670B1-18E9-4D5B-9AE6-7637FD86BDBF}.Release|Any CPU.ActiveCfg = Release|Any CPU
		{39B670B1-18E9-4D5B-9AE6-7637FD86BDBF}.Release|Any CPU.Build.0 = Release|Any CPU
	EndGlobalSection
	GlobalSection(SolutionProperties) = preSolution
		HideSolutionNode = FALSE
	EndGlobalSection
	GlobalSection(ExtensibilityGlobals) = postSolution
		SolutionGuid = {711AA171-B513-41EB-9446-C62897DD22A2}
	EndGlobalSection
EndGlobal
