
Microsoft Visual Studio Solution File, Format Version 12.00
# Visual Studio Version 17
VisualStudioVersion = 17.14.36109.1 d17.14
MinimumVisualStudioVersion = 10.0.40219.1
Project("{FAE04EC0-301F-11D3-BF4B-00C04F79EFBC}") = "Caesar Cipher", "Caesar Cipher\Caesar Cipher.csproj", "{CDDB1316-2A4D-4576-A15B-BFAA81F54C41}"
EndProject
Global
	GlobalSection(SolutionConfigurationPlatforms) = preSolution
		Debug|Any CPU = Debug|Any CPU
		Release|Any CPU = Release|Any CPU
	EndGlobalSection
	GlobalSection(ProjectConfigurationPlatforms) = postSolution
		{CDDB1316-2A4D-4576-A15B-BFAA81F54C41}.Debug|Any CPU.ActiveCfg = Debug|Any CPU
		{CDDB1316-2A4D-4576-A15B-BFAA81F54C41}.Debug|Any CPU.Build.0 = Debug|Any CPU
		{CDDB1316-2A4D-4576-A15B-BFAA81F54C41}.Release|Any CPU.ActiveCfg = Release|Any CPU
		{CDDB1316-2A4D-4576-A15B-BFAA81F54C41}.Release|Any CPU.Build.0 = Release|Any CPU
	EndGlobalSection
	GlobalSection(SolutionProperties) = preSolution
		HideSolutionNode = FALSE
	EndGlobalSection
	GlobalSection(ExtensibilityGlobals) = postSolution
		SolutionGuid = {ABBC1D72-E0CF-40B2-A8EE-680D00BA1555}
	EndGlobalSection
EndGlobal
