
Microsoft Visual Studio Solution File, Format Version 12.00
# Visual Studio Version 17
VisualStudioVersion = 17.14.36109.1 d17.14
MinimumVisualStudioVersion = 10.0.40219.1
Project("{FAE04EC0-301F-11D3-BF4B-00C04F79EFBC}") = "Misere Nim", "Misere Nim\Misere Nim.csproj", "{8E09B9F9-DC60-4D7E-8A5A-5E811297C097}"
EndProject
Global
	GlobalSection(SolutionConfigurationPlatforms) = preSolution
		Debug|Any CPU = Debug|Any CPU
		Release|Any CPU = Release|Any CPU
	EndGlobalSection
	GlobalSection(ProjectConfigurationPlatforms) = postSolution
		{8E09B9F9-DC60-4D7E-8A5A-5E811297C097}.Debug|Any CPU.ActiveCfg = Debug|Any CPU
		{8E09B9F9-DC60-4D7E-8A5A-5E811297C097}.Debug|Any CPU.Build.0 = Debug|Any CPU
		{8E09B9F9-DC60-4D7E-8A5A-5E811297C097}.Release|Any CPU.ActiveCfg = Release|Any CPU
		{8E09B9F9-DC60-4D7E-8A5A-5E811297C097}.Release|Any CPU.Build.0 = Release|Any CPU
	EndGlobalSection
	GlobalSection(SolutionProperties) = preSolution
		HideSolutionNode = FALSE
	EndGlobalSection
	GlobalSection(ExtensibilityGlobals) = postSolution
		SolutionGuid = {7116E989-DB05-4A87-9CF8-4D433A3D4B4D}
	EndGlobalSection
EndGlobal
