
Microsoft Visual Studio Solution File, Format Version 12.00
# Visual Studio Version 17
VisualStudioVersion = 17.14.36109.1 d17.14
MinimumVisualStudioVersion = 10.0.40219.1
Project("{FAE04EC0-301F-11D3-BF4B-00C04F79EFBC}") = "Queue using two stacks", "Queue using two stacks\Queue using two stacks.csproj", "{7938F6E0-7CE0-481E-BE80-0CED58A6F06D}"
EndProject
Global
	GlobalSection(SolutionConfigurationPlatforms) = preSolution
		Debug|Any CPU = Debug|Any CPU
		Release|Any CPU = Release|Any CPU
	EndGlobalSection
	GlobalSection(ProjectConfigurationPlatforms) = postSolution
		{7938F6E0-7CE0-481E-BE80-0CED58A6F06D}.Debug|Any CPU.ActiveCfg = Debug|Any CPU
		{7938F6E0-7CE0-481E-BE80-0CED58A6F06D}.Debug|Any CPU.Build.0 = Debug|Any CPU
		{7938F6E0-7CE0-481E-BE80-0CED58A6F06D}.Release|Any CPU.ActiveCfg = Release|Any CPU
		{7938F6E0-7CE0-481E-BE80-0CED58A6F06D}.Release|Any CPU.Build.0 = Release|Any CPU
	EndGlobalSection
	GlobalSection(SolutionProperties) = preSolution
		HideSolutionNode = FALSE
	EndGlobalSection
	GlobalSection(ExtensibilityGlobals) = postSolution
		SolutionGuid = {1B3ACA1B-C969-419D-A894-3A4C056057CF}
	EndGlobalSection
EndGlobal
