
Microsoft Visual Studio Solution File, Format Version 12.00
# Visual Studio Version 17
VisualStudioVersion = 17.14.36109.1 d17.14
MinimumVisualStudioVersion = 10.0.40219.1
Project("{FAE04EC0-301F-11D3-BF4B-00C04F79EFBC}") = "MissingNumbers", "MissingNumbers\MissingNumbers.csproj", "{80AC3BDF-91B8-49A7-9784-BEEEE044AFB6}"
EndProject
Global
	GlobalSection(SolutionConfigurationPlatforms) = preSolution
		Debug|Any CPU = Debug|Any CPU
		Release|Any CPU = Release|Any CPU
	EndGlobalSection
	GlobalSection(ProjectConfigurationPlatforms) = postSolution
		{80AC3BDF-91B8-49A7-9784-BEEEE044AFB6}.Debug|Any CPU.ActiveCfg = Debug|Any CPU
		{80AC3BDF-91B8-49A7-9784-BEEEE044AFB6}.Debug|Any CPU.Build.0 = Debug|Any CPU
		{80AC3BDF-91B8-49A7-9784-BEEEE044AFB6}.Release|Any CPU.ActiveCfg = Release|Any CPU
		{80AC3BDF-91B8-49A7-9784-BEEEE044AFB6}.Release|Any CPU.Build.0 = Release|Any CPU
	EndGlobalSection
	GlobalSection(SolutionProperties) = preSolution
		HideSolutionNode = FALSE
	EndGlobalSection
	GlobalSection(ExtensibilityGlobals) = postSolution
		SolutionGuid = {C5BC2FA6-00F8-451A-B9F4-1B6509D9D7AF}
	EndGlobalSection
EndGlobal
