
Microsoft Visual Studio Solution File, Format Version 12.00
# Visual Studio Version 17
VisualStudioVersion = 17.14.36109.1 d17.14
MinimumVisualStudioVersion = 10.0.40219.1
Project("{FAE04EC0-301F-11D3-BF4B-00C04F79EFBC}") = "Delete duplicated valuse linkedlist", "Delete duplicated valuse linkedlist\Delete duplicated valuse linkedlist.csproj", "{BCBD59B1-5D42-4295-B1AE-3CC60A93CA87}"
EndProject
Global
	GlobalSection(SolutionConfigurationPlatforms) = preSolution
		Debug|Any CPU = Debug|Any CPU
		Release|Any CPU = Release|Any CPU
	EndGlobalSection
	GlobalSection(ProjectConfigurationPlatforms) = postSolution
		{BCBD59B1-5D42-4295-B1AE-3CC60A93CA87}.Debug|Any CPU.ActiveCfg = Debug|Any CPU
		{BCBD59B1-5D42-4295-B1AE-3CC60A93CA87}.Debug|Any CPU.Build.0 = Debug|Any CPU
		{BCBD59B1-5D42-4295-B1AE-3CC60A93CA87}.Release|Any CPU.ActiveCfg = Release|Any CPU
		{BCBD59B1-5D42-4295-B1AE-3CC60A93CA87}.Release|Any CPU.Build.0 = Release|Any CPU
	EndGlobalSection
	GlobalSection(SolutionProperties) = preSolution
		HideSolutionNode = FALSE
	EndGlobalSection
	GlobalSection(ExtensibilityGlobals) = postSolution
		SolutionGuid = {D8A791B6-CDE8-4FE7-A485-E62E6FAE3328}
	EndGlobalSection
EndGlobal
