
Microsoft Visual Studio Solution File, Format Version 12.00
# Visual Studio Version 17
VisualStudioVersion = 17.14.36109.1 d17.14
MinimumVisualStudioVersion = 10.0.40219.1
Project("{FAE04EC0-301F-11D3-BF4B-00C04F79EFBC}") = "BetweenTwoSets", "BetweenTwoSets\BetweenTwoSets.csproj", "{10958F44-724F-45FA-9702-46FC57801DBC}"
EndProject
Global
	GlobalSection(SolutionConfigurationPlatforms) = preSolution
		Debug|Any CPU = Debug|Any CPU
		Release|Any CPU = Release|Any CPU
	EndGlobalSection
	GlobalSection(ProjectConfigurationPlatforms) = postSolution
		{10958F44-724F-45FA-9702-46FC57801DBC}.Debug|Any CPU.ActiveCfg = Debug|Any CPU
		{10958F44-724F-45FA-9702-46FC57801DBC}.Debug|Any CPU.Build.0 = Debug|Any CPU
		{10958F44-724F-45FA-9702-46FC57801DBC}.Release|Any CPU.ActiveCfg = Release|Any CPU
		{10958F44-724F-45FA-9702-46FC57801DBC}.Release|Any CPU.Build.0 = Release|Any CPU
	EndGlobalSection
	GlobalSection(SolutionProperties) = preSolution
		HideSolutionNode = FALSE
	EndGlobalSection
	GlobalSection(ExtensibilityGlobals) = postSolution
		SolutionGuid = {4DC59A6B-2DDC-427C-9E42-F02F9BC4A567}
	EndGlobalSection
EndGlobal
