
Microsoft Visual Studio Solution File, Format Version 12.00
# Visual Studio Version 17
VisualStudioVersion = 17.14.36109.1 d17.14
MinimumVisualStudioVersion = 10.0.40219.1
Project("{FAE04EC0-301F-11D3-BF4B-00C04F79EFBC}") = "Number Line Jumps", "Number Line Jumps\Number Line Jumps.csproj", "{16F569A1-AF27-4FB6-A5A9-E8F2AD742D78}"
EndProject
Global
	GlobalSection(SolutionConfigurationPlatforms) = preSolution
		Debug|Any CPU = Debug|Any CPU
		Release|Any CPU = Release|Any CPU
	EndGlobalSection
	GlobalSection(ProjectConfigurationPlatforms) = postSolution
		{16F569A1-AF27-4FB6-A5A9-E8F2AD742D78}.Debug|Any CPU.ActiveCfg = Debug|Any CPU
		{16F569A1-AF27-4FB6-A5A9-E8F2AD742D78}.Debug|Any CPU.Build.0 = Debug|Any CPU
		{16F569A1-AF27-4FB6-A5A9-E8F2AD742D78}.Release|Any CPU.ActiveCfg = Release|Any CPU
		{16F569A1-AF27-4FB6-A5A9-E8F2AD742D78}.Release|Any CPU.Build.0 = Release|Any CPU
	EndGlobalSection
	GlobalSection(SolutionProperties) = preSolution
		HideSolutionNode = FALSE
	EndGlobalSection
	GlobalSection(ExtensibilityGlobals) = postSolution
		SolutionGuid = {2DD09742-4AB3-43E9-9551-2D268698316C}
	EndGlobalSection
EndGlobal
