
Microsoft Visual Studio Solution File, Format Version 12.00
# Visual Studio Version 17
VisualStudioVersion = 17.14.36109.1 d17.14
MinimumVisualStudioVersion = 10.0.40219.1
Project("{FAE04EC0-301F-11D3-BF4B-00C04F79EFBC}") = "Drawing Book", "Drawing Book\Drawing Book.csproj", "{5BF1B65F-67A1-478B-A901-D19F8D812BB4}"
EndProject
Global
	GlobalSection(SolutionConfigurationPlatforms) = preSolution
		Debug|Any CPU = Debug|Any CPU
		Release|Any CPU = Release|Any CPU
	EndGlobalSection
	GlobalSection(ProjectConfigurationPlatforms) = postSolution
		{5BF1B65F-67A1-478B-A901-D19F8D812BB4}.Debug|Any CPU.ActiveCfg = Debug|Any CPU
		{5BF1B65F-67A1-478B-A901-D19F8D812BB4}.Debug|Any CPU.Build.0 = Debug|Any CPU
		{5BF1B65F-67A1-478B-A901-D19F8D812BB4}.Release|Any CPU.ActiveCfg = Release|Any CPU
		{5BF1B65F-67A1-478B-A901-D19F8D812BB4}.Release|Any CPU.Build.0 = Release|Any CPU
	EndGlobalSection
	GlobalSection(SolutionProperties) = preSolution
		HideSolutionNode = FALSE
	EndGlobalSection
	GlobalSection(ExtensibilityGlobals) = postSolution
		SolutionGuid = {C761A286-573E-402E-9419-C5480CE95B63}
	EndGlobalSection
EndGlobal
